
Microsoft Visual Studio Solution File, Format Version 12.00
# Visual Studio Version 16
VisualStudioVersion = 16.0.31729.503
MinimumVisualStudioVersion = 10.0.40219.1
Project("{9A19103F-16F7-4668-BE54-9A1E7A4F7556}") = "TsBizcase.Api", "TsBizcase.Api\TsBizcase.Api.csproj", "{73319B6B-7742-4FD2-83D4-1B6BBE2DB387}"
EndProject
Project("{9A19103F-16F7-4668-BE54-9A1E7A4F7556}") = "TsBizcase.Application", "TsBizcase.Application\TsBizcase.Application.csproj", "{EBAA3AD0-65A6-4C6A-BC43-11CE8AD7BE3D}"
EndProject
Project("{9A19103F-16F7-4668-BE54-9A1E7A4F7556}") = "TsBizcase.Core", "TsBizcase.Core\TsBizcase.Core.csproj", "{1ED5B0E0-F0CD-4BAB-95FA-4602FF742D4D}"
EndProject
Project("{9A19103F-16F7-4668-BE54-9A1E7A4F7556}") = "TsBizcase.Infrastructure", "TsBizcase.Infrastructure\TsBizcase.Infrastructure.csproj", "{98A6B10B-841F-469D-AEBB-90BB7FBD8683}"
EndProject
Project("{FAE04EC0-301F-11D3-BF4B-00C04F79EFBC}") = "TsBizcase.UnitTests", "TsBizcase.Tests\TsBizcase.UnitTests.csproj", "{D6493762-1400-4ED0-93A6-300885F94BBA}"
EndProject
Global
	GlobalSection(SolutionConfigurationPlatforms) = preSolution
		Debug|Any CPU = Debug|Any CPU
		Release|Any CPU = Release|Any CPU
	EndGlobalSection
	GlobalSection(ProjectConfigurationPlatforms) = postSolution
		{73319B6B-7742-4FD2-83D4-1B6BBE2DB387}.Debug|Any CPU.ActiveCfg = Debug|Any CPU
		{73319B6B-7742-4FD2-83D4-1B6BBE2DB387}.Debug|Any CPU.Build.0 = Debug|Any CPU
		{73319B6B-7742-4FD2-83D4-1B6BBE2DB387}.Release|Any CPU.ActiveCfg = Release|Any CPU
		{73319B6B-7742-4FD2-83D4-1B6BBE2DB387}.Release|Any CPU.Build.0 = Release|Any CPU
		{EBAA3AD0-65A6-4C6A-BC43-11CE8AD7BE3D}.Debug|Any CPU.ActiveCfg = Debug|Any CPU
		{EBAA3AD0-65A6-4C6A-BC43-11CE8AD7BE3D}.Debug|Any CPU.Build.0 = Debug|Any CPU
		{EBAA3AD0-65A6-4C6A-BC43-11CE8AD7BE3D}.Release|Any CPU.ActiveCfg = Release|Any CPU
		{EBAA3AD0-65A6-4C6A-BC43-11CE8AD7BE3D}.Release|Any CPU.Build.0 = Release|Any CPU
		{1ED5B0E0-F0CD-4BAB-95FA-4602FF742D4D}.Debug|Any CPU.ActiveCfg = Debug|Any CPU
		{1ED5B0E0-F0CD-4BAB-95FA-4602FF742D4D}.Debug|Any CPU.Build.0 = Debug|Any CPU
		{1ED5B0E0-F0CD-4BAB-95FA-4602FF742D4D}.Release|Any CPU.ActiveCfg = Release|Any CPU
		{1ED5B0E0-F0CD-4BAB-95FA-4602FF742D4D}.Release|Any CPU.Build.0 = Release|Any CPU
		{98A6B10B-841F-469D-AEBB-90BB7FBD8683}.Debug|Any CPU.ActiveCfg = Debug|Any CPU
		{98A6B10B-841F-469D-AEBB-90BB7FBD8683}.Debug|Any CPU.Build.0 = Debug|Any CPU
		{98A6B10B-841F-469D-AEBB-90BB7FBD8683}.Release|Any CPU.ActiveCfg = Release|Any CPU
		{98A6B10B-841F-469D-AEBB-90BB7FBD8683}.Release|Any CPU.Build.0 = Release|Any CPU
		{D6493762-1400-4ED0-93A6-300885F94BBA}.Debug|Any CPU.ActiveCfg = Debug|Any CPU
		{D6493762-1400-4ED0-93A6-300885F94BBA}.Debug|Any CPU.Build.0 = Debug|Any CPU
		{D6493762-1400-4ED0-93A6-300885F94BBA}.Release|Any CPU.ActiveCfg = Release|Any CPU
		{D6493762-1400-4ED0-93A6-300885F94BBA}.Release|Any CPU.Build.0 = Release|Any CPU
	EndGlobalSection
	GlobalSection(SolutionProperties) = preSolution
		HideSolutionNode = FALSE
	EndGlobalSection
	GlobalSection(ExtensibilityGlobals) = postSolution
		SolutionGuid = {FC48436D-05A4-4C17-8EBB-4A54BCB80794}
	EndGlobalSection
EndGlobal
